
Microsoft Visual Studio Solution File, Format Version 12.00
# Visual Studio Version 17
VisualStudioVersion = 17.6.33723.286
MinimumVisualStudioVersion = 10.0.40219.1
Project("{FAE04EC0-301F-11D3-BF4B-00C04F79EFBC}") = "samplePractise", "samplePractise\samplePractise.csproj", "{34BF85B1-5B45-412F-B539-1B7F8A05B8AF}"
EndProject
Global
	GlobalSection(SolutionConfigurationPlatforms) = preSolution
		Debug|Any CPU = Debug|Any CPU
		Release|Any CPU = Release|Any CPU
	EndGlobalSection
	GlobalSection(ProjectConfigurationPlatforms) = postSolution
		{34BF85B1-5B45-412F-B539-1B7F8A05B8AF}.Debug|Any CPU.ActiveCfg = Debug|Any CPU
		{34BF85B1-5B45-412F-B539-1B7F8A05B8AF}.Debug|Any CPU.Build.0 = Debug|Any CPU
		{34BF85B1-5B45-412F-B539-1B7F8A05B8AF}.Release|Any CPU.ActiveCfg = Release|Any CPU
		{34BF85B1-5B45-412F-B539-1B7F8A05B8AF}.Release|Any CPU.Build.0 = Release|Any CPU
	EndGlobalSection
	GlobalSection(SolutionProperties) = preSolution
		HideSolutionNode = FALSE
	EndGlobalSection
	GlobalSection(ExtensibilityGlobals) = postSolution
		SolutionGuid = {4E032853-2CD7-4285-96F8-77A309754102}
	EndGlobalSection
EndGlobal
